
Microsoft Visual Studio Solution File, Format Version 12.00
# Visual Studio 2017
Project("{FAE04EC0-301F-11D3-BF4B-00C04F79EFBC}") = "Cassiopeia", "Cassiopeia.csproj", "{09543265-B3D7-154C-D29B-28B0C5649BCD}"
EndProject
Global
	GlobalSection(SolutionConfigurationPlatforms) = preSolution
		Debug|Any CPU = Debug|Any CPU
		Release|Any CPU = Release|Any CPU
	EndGlobalSection
	GlobalSection(ProjectConfigurationPlatforms) = postSolution
		{09543265-B3D7-154C-D29B-28B0C5649BCD}.Debug|Any CPU.ActiveCfg = Debug|Any CPU
		{09543265-B3D7-154C-D29B-28B0C5649BCD}.Debug|Any CPU.Build.0 = Debug|Any CPU
		{09543265-B3D7-154C-D29B-28B0C5649BCD}.Release|Any CPU.ActiveCfg = Release|Any CPU
		{09543265-B3D7-154C-D29B-28B0C5649BCD}.Release|Any CPU.Build.0 = Release|Any CPU
	EndGlobalSection
	GlobalSection(SolutionProperties) = preSolution
		HideSolutionNode = FALSE
	EndGlobalSection
EndGlobal
